
Microsoft Visual Studio Solution File, Format Version 12.00
# Visual Studio Version 17
VisualStudioVersion = 17.0.31903.59
MinimumVisualStudioVersion = 10.0.40219.1
Project("{2150E333-8FDC-42A3-9474-1A3956D46DE8}") = "src", "src", "{642CF6EC-789F-482B-8903-6CE5538D9936}"
EndProject
Project("{FAE04EC0-301F-11D3-BF4B-00C04F79EFBC}") = "CHost", "src\CHost\CHost.csproj", "{441A462E-30BF-4983-82AA-D333E4695122}"
EndProject
Project("{F2A71F9B-5D33-465A-A702-920D77279786}") = "FHost", "src\FHost\FHost.fsproj", "{93D06E40-FE6B-46DD-936F-AEDE3E6D4906}"
EndProject
Global
	GlobalSection(SolutionConfigurationPlatforms) = preSolution
		Debug|Any CPU = Debug|Any CPU
		Release|Any CPU = Release|Any CPU
	EndGlobalSection
	GlobalSection(SolutionProperties) = preSolution
		HideSolutionNode = FALSE
	EndGlobalSection
	GlobalSection(ProjectConfigurationPlatforms) = postSolution
		{441A462E-30BF-4983-82AA-D333E4695122}.Debug|Any CPU.ActiveCfg = Debug|Any CPU
		{441A462E-30BF-4983-82AA-D333E4695122}.Debug|Any CPU.Build.0 = Debug|Any CPU
		{441A462E-30BF-4983-82AA-D333E4695122}.Release|Any CPU.ActiveCfg = Release|Any CPU
		{441A462E-30BF-4983-82AA-D333E4695122}.Release|Any CPU.Build.0 = Release|Any CPU
		{93D06E40-FE6B-46DD-936F-AEDE3E6D4906}.Debug|Any CPU.ActiveCfg = Debug|Any CPU
		{93D06E40-FE6B-46DD-936F-AEDE3E6D4906}.Debug|Any CPU.Build.0 = Debug|Any CPU
		{93D06E40-FE6B-46DD-936F-AEDE3E6D4906}.Release|Any CPU.ActiveCfg = Release|Any CPU
		{93D06E40-FE6B-46DD-936F-AEDE3E6D4906}.Release|Any CPU.Build.0 = Release|Any CPU
	EndGlobalSection
	GlobalSection(NestedProjects) = preSolution
		{441A462E-30BF-4983-82AA-D333E4695122} = {642CF6EC-789F-482B-8903-6CE5538D9936}
		{93D06E40-FE6B-46DD-936F-AEDE3E6D4906} = {642CF6EC-789F-482B-8903-6CE5538D9936}
	EndGlobalSection
EndGlobal
